{
  "object": {
    "pins": [
      {
        "package": "FlagKit",
        "repositoryURL": "https://github.com/madebybowtie/FlagKit.git",
        "state": {
          "branch": null,
          "revision": "7b2e6f85f7b752568d079f99b45d26aecb0f72d9",
          "version": "2.3.0"
        }
      },
      {
        "package": "Gloss",
        "repositoryURL": "https://github.com/hkellaway/Gloss.git",
        "state": {
          "branch": null,
          "revision": "efd25964891ae8a9cfbe2345628ad02fcb9a105c",
          "version": "3.2.1"
        }
      }
    ]
  },
  "version": 1
}
